
Microsoft Visual Studio Solution File, Format Version 12.00
# Visual Studio Version 17
VisualStudioVersion = 17.1.32210.238
MinimumVisualStudioVersion = 10.0.40219.1
Project("{9A19103F-16F7-4668-BE54-9A1E7A4F7556}") = "DesignPatterns", "DesignPatterns\DesignPatterns.csproj", "{B267F50C-C5D6-4349-83C8-60220473242C}"
EndProject
Project("{9A19103F-16F7-4668-BE54-9A1E7A4F7556}") = "MementoPattern", "MementoPattern\MementoPattern.csproj", "{CB030079-0F59-4AE8-B935-002A3F0E0A64}"
EndProject
Project("{9A19103F-16F7-4668-BE54-9A1E7A4F7556}") = "StrategyPattern", "StrategyPattern\StrategyPattern.csproj", "{2752A34C-6CCC-48F8-A0F7-FEFABD76C828}"
EndProject
Project("{9A19103F-16F7-4668-BE54-9A1E7A4F7556}") = "Observer Pattern", "Observer Pattern\Observer Pattern.csproj", "{E798D214-F7D6-4B74-A423-4E4B7CA74018}"
EndProject
Project("{9A19103F-16F7-4668-BE54-9A1E7A4F7556}") = "Oberserver Pattern2", "Oberserver Pattern2\Oberserver Pattern2.csproj", "{1C727003-9DCC-4EA6-ACB5-CFA2110241A1}"
EndProject
Project("{9A19103F-16F7-4668-BE54-9A1E7A4F7556}") = "Decorator Pattern", "Decorator Pattern\Decorator Pattern.csproj", "{029FB61D-5D56-4699-BCB7-0C10030082D1}"
EndProject
Project("{9A19103F-16F7-4668-BE54-9A1E7A4F7556}") = "Factory Method Pattern", "Factory Method Pattern\Factory Method Pattern.csproj", "{1E05212E-F9F2-4531-84BD-035ADEA72654}"
EndProject
Project("{9A19103F-16F7-4668-BE54-9A1E7A4F7556}") = "Abstract Factory Pattern", "Abstract Factory Pattern\Abstract Factory Pattern.csproj", "{A28D5FFA-04E9-4758-81F6-087F0D282B58}"
EndProject
Project("{9A19103F-16F7-4668-BE54-9A1E7A4F7556}") = "Singleton Pattern", "Singleton Pattern\Singleton Pattern.csproj", "{2C76FB39-E57D-49ED-B7FB-FB62842975F7}"
EndProject
Project("{FAE04EC0-301F-11D3-BF4B-00C04F79EFBC}") = "Command Pattern", "Command Pattern\Command Pattern.csproj", "{B89F828D-875B-41DE-B654-7D039966D421}"
EndProject
Global
	GlobalSection(SolutionConfigurationPlatforms) = preSolution
		Debug|Any CPU = Debug|Any CPU
		Release|Any CPU = Release|Any CPU
	EndGlobalSection
	GlobalSection(ProjectConfigurationPlatforms) = postSolution
		{B267F50C-C5D6-4349-83C8-60220473242C}.Debug|Any CPU.ActiveCfg = Debug|Any CPU
		{B267F50C-C5D6-4349-83C8-60220473242C}.Debug|Any CPU.Build.0 = Debug|Any CPU
		{B267F50C-C5D6-4349-83C8-60220473242C}.Release|Any CPU.ActiveCfg = Release|Any CPU
		{B267F50C-C5D6-4349-83C8-60220473242C}.Release|Any CPU.Build.0 = Release|Any CPU
		{CB030079-0F59-4AE8-B935-002A3F0E0A64}.Debug|Any CPU.ActiveCfg = Debug|Any CPU
		{CB030079-0F59-4AE8-B935-002A3F0E0A64}.Debug|Any CPU.Build.0 = Debug|Any CPU
		{CB030079-0F59-4AE8-B935-002A3F0E0A64}.Release|Any CPU.ActiveCfg = Release|Any CPU
		{CB030079-0F59-4AE8-B935-002A3F0E0A64}.Release|Any CPU.Build.0 = Release|Any CPU
		{2752A34C-6CCC-48F8-A0F7-FEFABD76C828}.Debug|Any CPU.ActiveCfg = Debug|Any CPU
		{2752A34C-6CCC-48F8-A0F7-FEFABD76C828}.Debug|Any CPU.Build.0 = Debug|Any CPU
		{2752A34C-6CCC-48F8-A0F7-FEFABD76C828}.Release|Any CPU.ActiveCfg = Release|Any CPU
		{2752A34C-6CCC-48F8-A0F7-FEFABD76C828}.Release|Any CPU.Build.0 = Release|Any CPU
		{E798D214-F7D6-4B74-A423-4E4B7CA74018}.Debug|Any CPU.ActiveCfg = Debug|Any CPU
		{E798D214-F7D6-4B74-A423-4E4B7CA74018}.Debug|Any CPU.Build.0 = Debug|Any CPU
		{E798D214-F7D6-4B74-A423-4E4B7CA74018}.Release|Any CPU.ActiveCfg = Release|Any CPU
		{E798D214-F7D6-4B74-A423-4E4B7CA74018}.Release|Any CPU.Build.0 = Release|Any CPU
		{1C727003-9DCC-4EA6-ACB5-CFA2110241A1}.Debug|Any CPU.ActiveCfg = Debug|Any CPU
		{1C727003-9DCC-4EA6-ACB5-CFA2110241A1}.Debug|Any CPU.Build.0 = Debug|Any CPU
		{1C727003-9DCC-4EA6-ACB5-CFA2110241A1}.Release|Any CPU.ActiveCfg = Release|Any CPU
		{1C727003-9DCC-4EA6-ACB5-CFA2110241A1}.Release|Any CPU.Build.0 = Release|Any CPU
		{029FB61D-5D56-4699-BCB7-0C10030082D1}.Debug|Any CPU.ActiveCfg = Debug|Any CPU
		{029FB61D-5D56-4699-BCB7-0C10030082D1}.Debug|Any CPU.Build.0 = Debug|Any CPU
		{029FB61D-5D56-4699-BCB7-0C10030082D1}.Release|Any CPU.ActiveCfg = Release|Any CPU
		{029FB61D-5D56-4699-BCB7-0C10030082D1}.Release|Any CPU.Build.0 = Release|Any CPU
		{1E05212E-F9F2-4531-84BD-035ADEA72654}.Debug|Any CPU.ActiveCfg = Debug|Any CPU
		{1E05212E-F9F2-4531-84BD-035ADEA72654}.Debug|Any CPU.Build.0 = Debug|Any CPU
		{1E05212E-F9F2-4531-84BD-035ADEA72654}.Release|Any CPU.ActiveCfg = Release|Any CPU
		{1E05212E-F9F2-4531-84BD-035ADEA72654}.Release|Any CPU.Build.0 = Release|Any CPU
		{A28D5FFA-04E9-4758-81F6-087F0D282B58}.Debug|Any CPU.ActiveCfg = Debug|Any CPU
		{A28D5FFA-04E9-4758-81F6-087F0D282B58}.Debug|Any CPU.Build.0 = Debug|Any CPU
		{A28D5FFA-04E9-4758-81F6-087F0D282B58}.Release|Any CPU.ActiveCfg = Release|Any CPU
		{A28D5FFA-04E9-4758-81F6-087F0D282B58}.Release|Any CPU.Build.0 = Release|Any CPU
		{2C76FB39-E57D-49ED-B7FB-FB62842975F7}.Debug|Any CPU.ActiveCfg = Debug|Any CPU
		{2C76FB39-E57D-49ED-B7FB-FB62842975F7}.Debug|Any CPU.Build.0 = Debug|Any CPU
		{2C76FB39-E57D-49ED-B7FB-FB62842975F7}.Release|Any CPU.ActiveCfg = Release|Any CPU
		{2C76FB39-E57D-49ED-B7FB-FB62842975F7}.Release|Any CPU.Build.0 = Release|Any CPU
		{B89F828D-875B-41DE-B654-7D039966D421}.Debug|Any CPU.ActiveCfg = Debug|Any CPU
		{B89F828D-875B-41DE-B654-7D039966D421}.Debug|Any CPU.Build.0 = Debug|Any CPU
		{B89F828D-875B-41DE-B654-7D039966D421}.Release|Any CPU.ActiveCfg = Release|Any CPU
		{B89F828D-875B-41DE-B654-7D039966D421}.Release|Any CPU.Build.0 = Release|Any CPU
	EndGlobalSection
	GlobalSection(SolutionProperties) = preSolution
		HideSolutionNode = FALSE
	EndGlobalSection
	GlobalSection(ExtensibilityGlobals) = postSolution
		SolutionGuid = {0538F7BB-A6E1-4662-9690-9D9963688DB7}
	EndGlobalSection
EndGlobal
