
Microsoft Visual Studio Solution File, Format Version 12.00
# Visual Studio Version 17
VisualStudioVersion = 17.1.32210.238
MinimumVisualStudioVersion = 10.0.40219.1
Project("{FAE04EC0-301F-11D3-BF4B-00C04F79EFBC}") = "DesignPatterns", "DesignPatterns\DesignPatterns.csproj", "{B267F50C-C5D6-4349-83C8-60220473242C}"
EndProject
Global
	GlobalSection(SolutionConfigurationPlatforms) = preSolution
		Debug|Any CPU = Debug|Any CPU
		Release|Any CPU = Release|Any CPU
	EndGlobalSection
	GlobalSection(ProjectConfigurationPlatforms) = postSolution
		{B267F50C-C5D6-4349-83C8-60220473242C}.Debug|Any CPU.ActiveCfg = Debug|Any CPU
		{B267F50C-C5D6-4349-83C8-60220473242C}.Debug|Any CPU.Build.0 = Debug|Any CPU
		{B267F50C-C5D6-4349-83C8-60220473242C}.Release|Any CPU.ActiveCfg = Release|Any CPU
		{B267F50C-C5D6-4349-83C8-60220473242C}.Release|Any CPU.Build.0 = Release|Any CPU
	EndGlobalSection
	GlobalSection(SolutionProperties) = preSolution
		HideSolutionNode = FALSE
	EndGlobalSection
	GlobalSection(ExtensibilityGlobals) = postSolution
		SolutionGuid = {0538F7BB-A6E1-4662-9690-9D9963688DB7}
	EndGlobalSection
EndGlobal
